
Microsoft Visual Studio Solution File, Format Version 12.00
# Visual Studio Version 17
VisualStudioVersion = 17.11.35222.181
MinimumVisualStudioVersion = 10.0.40219.1
Project("{FAE04EC0-301F-11D3-BF4B-00C04F79EFBC}") = "A_232410101081_utspbo", "1081_Hanin Zahirah Syabani_UTSPRPBO\A_232410101081_utspbo.csproj", "{368B60FC-9335-40BD-B1CF-C550EAEDFE54}"
EndProject
Global
	GlobalSection(SolutionConfigurationPlatforms) = preSolution
		Debug|Any CPU = Debug|Any CPU
		Release|Any CPU = Release|Any CPU
	EndGlobalSection
	GlobalSection(ProjectConfigurationPlatforms) = postSolution
		{368B60FC-9335-40BD-B1CF-C550EAEDFE54}.Debug|Any CPU.ActiveCfg = Debug|Any CPU
		{368B60FC-9335-40BD-B1CF-C550EAEDFE54}.Debug|Any CPU.Build.0 = Debug|Any CPU
		{368B60FC-9335-40BD-B1CF-C550EAEDFE54}.Release|Any CPU.ActiveCfg = Release|Any CPU
		{368B60FC-9335-40BD-B1CF-C550EAEDFE54}.Release|Any CPU.Build.0 = Release|Any CPU
	EndGlobalSection
	GlobalSection(SolutionProperties) = preSolution
		HideSolutionNode = FALSE
	EndGlobalSection
	GlobalSection(ExtensibilityGlobals) = postSolution
		SolutionGuid = {B5414AE5-7F44-421D-8050-5F030E652944}
	EndGlobalSection
EndGlobal
